{
  "name": "presupplied-e2e-tests",
  "version": "1.0.0",
  "lockfileVersion": 3,
  "requires": true,
  "packages": {
    "": {
      "name": "presupplied-e2e-tests",
      "version": "1.0.0",
      "devDependencies": {
        "@types/selenium-webdriver": "^4.1.28",
        "bun-types": "latest",
        "longjohn": "^0.2.12",
        "selenium-webdriver": "^4.12.0",
        "typescript": "^5.2.2",
        "xdotoolify": "^2.0.1"
      }
    },
    "node_modules/@bazel/runfiles": {
      "version": "6.3.1",
      "dev": true,
      "license": "Apache-2.0"
    },
    "node_modules/@types/node": {
      "version": "22.15.18",
      "dev": true,
      "license": "MIT",
      "dependencies": {
        "undici-types": "~6.21.0"
      }
    },
    "node_modules/@types/selenium-webdriver": {
      "version": "4.1.28",
      "dev": true,
      "license": "MIT",
      "dependencies": {
        "@types/node": "*",
        "@types/ws": "*"
      }
    },
    "node_modules/@types/ws": {
      "version": "8.18.1",
      "dev": true,
      "license": "MIT",
      "dependencies": {
        "@types/node": "*"
      }
    },
    "node_modules/buffer-from": {
      "version": "1.1.2",
      "dev": true,
      "license": "MIT"
    },
    "node_modules/bun-types": {
      "version": "1.2.13",
      "resolved": "https://registry.npmjs.org/bun-types/-/bun-types-1.2.13.tgz",
      "integrity": "sha512-rRjA1T6n7wto4gxhAO/ErZEtOXyEZEmnIHQfl0Dt1QQSB4QV0iP6BZ9/YB5fZaHFQ2dwHFrmPaRQ9GGMX01k9Q==",
      "dev": true,
      "dependencies": {
        "@types/node": "*"
      }
    },
    "node_modules/core-util-is": {
      "version": "1.0.3",
      "dev": true,
      "license": "MIT"
    },
    "node_modules/fast-deep-equal": {
      "version": "3.1.3",
      "dev": true,
      "license": "MIT"
    },
    "node_modules/immediate": {
      "version": "3.0.6",
      "dev": true,
      "license": "MIT"
    },
    "node_modules/inherits": {
      "version": "2.0.4",
      "dev": true,
      "license": "ISC"
    },
    "node_modules/isarray": {
      "version": "1.0.0",
      "dev": true,
      "license": "MIT"
    },
    "node_modules/jszip": {
      "version": "3.10.1",
      "dev": true,
      "license": "(MIT OR GPL-3.0-or-later)",
      "dependencies": {
        "lie": "~3.3.0",
        "pako": "~1.0.2",
        "readable-stream": "~2.3.6",
        "setimmediate": "^1.0.5"
      }
    },
    "node_modules/lie": {
      "version": "3.3.0",
      "dev": true,
      "license": "MIT",
      "dependencies": {
        "immediate": "~3.0.5"
      }
    },
    "node_modules/longjohn": {
      "version": "0.2.12",
      "dev": true,
      "license": "MIT",
      "dependencies": {
        "source-map-support": "0.3.2 - 1.0.0"
      },
      "engines": {
        "node": ">= 0.9.3"
      }
    },
    "node_modules/pako": {
      "version": "1.0.11",
      "dev": true,
      "license": "(MIT AND Zlib)"
    },
    "node_modules/process-nextick-args": {
      "version": "2.0.1",
      "dev": true,
      "license": "MIT"
    },
    "node_modules/readable-stream": {
      "version": "2.3.8",
      "dev": true,
      "license": "MIT",
      "dependencies": {
        "core-util-is": "~1.0.0",
        "inherits": "~2.0.3",
        "isarray": "~1.0.0",
        "process-nextick-args": "~2.0.0",
        "safe-buffer": "~5.1.1",
        "string_decoder": "~1.1.1",
        "util-deprecate": "~1.0.1"
      }
    },
    "node_modules/safe-buffer": {
      "version": "5.1.2",
      "dev": true,
      "license": "MIT"
    },
    "node_modules/selenium-webdriver": {
      "version": "4.32.0",
      "dev": true,
      "funding": [
        {
          "type": "github",
          "url": "https://github.com/sponsors/SeleniumHQ"
        },
        {
          "type": "opencollective",
          "url": "https://opencollective.com/selenium"
        }
      ],
      "license": "Apache-2.0",
      "dependencies": {
        "@bazel/runfiles": "^6.3.1",
        "jszip": "^3.10.1",
        "tmp": "^0.2.3",
        "ws": "^8.18.0"
      },
      "engines": {
        "node": ">= 18.20.5"
      }
    },
    "node_modules/setimmediate": {
      "version": "1.0.5",
      "dev": true,
      "license": "MIT"
    },
    "node_modules/source-map": {
      "version": "0.6.1",
      "dev": true,
      "license": "BSD-3-Clause",
      "engines": {
        "node": ">=0.10.0"
      }
    },
    "node_modules/source-map-support": {
      "version": "0.5.21",
      "dev": true,
      "license": "MIT",
      "dependencies": {
        "buffer-from": "^1.0.0",
        "source-map": "^0.6.0"
      }
    },
    "node_modules/string_decoder": {
      "version": "1.1.1",
      "dev": true,
      "license": "MIT",
      "dependencies": {
        "safe-buffer": "~5.1.0"
      }
    },
    "node_modules/tmp": {
      "version": "0.2.3",
      "dev": true,
      "license": "MIT",
      "engines": {
        "node": ">=14.14"
      }
    },
    "node_modules/typescript": {
      "version": "5.8.3",
      "dev": true,
      "license": "Apache-2.0",
      "bin": {
        "tsc": "bin/tsc",
        "tsserver": "bin/tsserver"
      },
      "engines": {
        "node": ">=14.17"
      }
    },
    "node_modules/undici-types": {
      "version": "6.21.0",
      "dev": true,
      "license": "MIT"
    },
    "node_modules/util-deprecate": {
      "version": "1.0.2",
      "dev": true,
      "license": "MIT"
    },
    "node_modules/ws": {
      "version": "8.18.2",
      "dev": true,
      "license": "MIT",
      "engines": {
        "node": ">=10.0.0"
      },
      "peerDependencies": {
        "bufferutil": "^4.0.1",
        "utf-8-validate": ">=5.0.2"
      },
      "peerDependenciesMeta": {
        "bufferutil": {
          "optional": true
        },
        "utf-8-validate": {
          "optional": true
        }
      }
    },
    "node_modules/xdotoolify": {
      "version": "2.0.1",
      "resolved": "https://registry.npmjs.org/xdotoolify/-/xdotoolify-2.0.1.tgz",
      "integrity": "sha512-WVPy1bPKGE+0sbjNMzrkM8AHN9V4mUwzZmRMGY2DcSEh2UxAE5a+ttUJSYXEsZbTkGA7s0jCadRo8HlWM0b08Q==",
      "dev": true,
      "dependencies": {
        "fast-deep-equal": "^3.1.3"
      }
    }
  }
}
